
Microsoft Visual Studio Solution File, Format Version 12.00
# Visual Studio Version 17
VisualStudioVersion = 17.0.32126.317
MinimumVisualStudioVersion = 10.0.40219.1
Project("{9A19103F-16F7-4668-BE54-9A1E7A4F7556}") = "OrderManagementAsync", "OrderManagementAsync\OrderManagementAsync.csproj", "{FDE13442-3112-47B7-A98F-CEB88ACA59DD}"
EndProject
Global
	GlobalSection(SolutionConfigurationPlatforms) = preSolution
		Debug|Any CPU = Debug|Any CPU
		Release|Any CPU = Release|Any CPU
	EndGlobalSection
	GlobalSection(ProjectConfigurationPlatforms) = postSolution
		{FDE13442-3112-47B7-A98F-CEB88ACA59DD}.Debug|Any CPU.ActiveCfg = Debug|Any CPU
		{FDE13442-3112-47B7-A98F-CEB88ACA59DD}.Debug|Any CPU.Build.0 = Debug|Any CPU
		{FDE13442-3112-47B7-A98F-CEB88ACA59DD}.Release|Any CPU.ActiveCfg = Release|Any CPU
		{FDE13442-3112-47B7-A98F-CEB88ACA59DD}.Release|Any CPU.Build.0 = Release|Any CPU
	EndGlobalSection
	GlobalSection(SolutionProperties) = preSolution
		HideSolutionNode = FALSE
	EndGlobalSection
	GlobalSection(ExtensibilityGlobals) = postSolution
		SolutionGuid = {7D12E097-D86D-47D1-B98F-198968DBD2D4}
	EndGlobalSection
EndGlobal
